// !$*UTF8*$!
{
	archiveVersion = 1;
	classes = {
	};
	objectVersion = 56;
	objects = {

/* Begin PBXBuildFile section */
		220BCBF12A669D83001B20DC /* AdmirariApp.swift in Sources */ = {isa = PBXBuildFile; fileRef = 220BCBF02A669D83001B20DC /* AdmirariApp.swift */; };
		220BCBF52A669D85001B20DC /* Assets.xcassets in Resources */ = {isa = PBXBuildFile; fileRef = 220BCBF42A669D85001B20DC /* Assets.xcassets */; };
		220BCBF82A669D85001B20DC /* Preview Assets.xcassets in Resources */ = {isa = PBXBuildFile; fileRef = 220BCBF72A669D85001B20DC /* Preview Assets.xcassets */; };
		220BCBFF2A669DD8001B20DC /* MapVM.swift in Sources */ = {isa = PBXBuildFile; fileRef = 220BCBFE2A669DD8001B20DC /* MapVM.swift */; };
		220BCC032A66A065001B20DC /* SearchForArticlesNearbyButton.swift in Sources */ = {isa = PBXBuildFile; fileRef = 220BCC022A66A065001B20DC /* SearchForArticlesNearbyButton.swift */; };
		220BCC062A66A113001B20DC /* Location.swift in Sources */ = {isa = PBXBuildFile; fileRef = 220BCC052A66A113001B20DC /* Location.swift */; };
		220BCC092A66A2CB001B20DC /* ArticleMarker.swift in Sources */ = {isa = PBXBuildFile; fileRef = 220BCC082A66A2CB001B20DC /* ArticleMarker.swift */; };
		220BCC0B2A66A58A001B20DC /* ArticleDetails.swift in Sources */ = {isa = PBXBuildFile; fileRef = 220BCC0A2A66A58A001B20DC /* ArticleDetails.swift */; };
		220BCC0D2A66A894001B20DC /* ContentView.swift in Sources */ = {isa = PBXBuildFile; fileRef = 220BCC0C2A66A894001B20DC /* ContentView.swift */; };
		220BCC0F2A66B867001B20DC /* Result.swift in Sources */ = {isa = PBXBuildFile; fileRef = 220BCC0E2A66B867001B20DC /* Result.swift */; };
		220BCC112A6947EC001B20DC /* ShowListOfArticlesButton.swift in Sources */ = {isa = PBXBuildFile; fileRef = 220BCC102A6947EC001B20DC /* ShowListOfArticlesButton.swift */; };
		220BCC142A6B26B3001B20DC /* WikipediaLocation.swift in Sources */ = {isa = PBXBuildFile; fileRef = 220BCC132A6B26B3001B20DC /* WikipediaLocation.swift */; };
		220BCC162A6BC87A001B20DC /* ListOfArticles.swift in Sources */ = {isa = PBXBuildFile; fileRef = 220BCC152A6BC87A001B20DC /* ListOfArticles.swift */; };
		220F6A472A896326007C1EBE /* OnboardingHowTo.swift in Sources */ = {isa = PBXBuildFile; fileRef = 220F6A462A896326007C1EBE /* OnboardingHowTo.swift */; };
		220F6A492A8A3895007C1EBE /* OnboardingExplanationTwo.swift in Sources */ = {isa = PBXBuildFile; fileRef = 220F6A482A8A3895007C1EBE /* OnboardingExplanationTwo.swift */; };
		220F6A4B2A8A607C007C1EBE /* OnboardingHowToTwo.swift in Sources */ = {isa = PBXBuildFile; fileRef = 220F6A4A2A8A607C007C1EBE /* OnboardingHowToTwo.swift */; };
		229602D42A6C33CD00905D45 /* GetCurrentLocationButton.swift in Sources */ = {isa = PBXBuildFile; fileRef = 229602D32A6C33CD00905D45 /* GetCurrentLocationButton.swift */; };
		22A47C302A87C35F00CDB3FC /* OnboardingOverview.swift in Sources */ = {isa = PBXBuildFile; fileRef = 22A47C2F2A87C35F00CDB3FC /* OnboardingOverview.swift */; };
		22A47C332A87C57E00CDB3FC /* OnboardingDefinition.swift in Sources */ = {isa = PBXBuildFile; fileRef = 22A47C322A87C57E00CDB3FC /* OnboardingDefinition.swift */; };
		22A47C352A87F5C400CDB3FC /* OnboardingExplanation.swift in Sources */ = {isa = PBXBuildFile; fileRef = 22A47C342A87F5C400CDB3FC /* OnboardingExplanation.swift */; };
/* End PBXBuildFile section */

/* Begin PBXFileReference section */
		220BCBED2A669D83001B20DC /* Admirari.app */ = {isa = PBXFileReference; explicitFileType = wrapper.application; includeInIndex = 0; path = Admirari.app; sourceTree = BUILT_PRODUCTS_DIR; };
		220BCBF02A669D83001B20DC /* AdmirariApp.swift */ = {isa = PBXFileReference; lastKnownFileType = sourcecode.swift; path = AdmirariApp.swift; sourceTree = "<group>"; };
		220BCBF42A669D85001B20DC /* Assets.xcassets */ = {isa = PBXFileReference; lastKnownFileType = folder.assetcatalog; path = Assets.xcassets; sourceTree = "<group>"; };
		220BCBF72A669D85001B20DC /* Preview Assets.xcassets */ = {isa = PBXFileReference; lastKnownFileType = folder.assetcatalog; path = "Preview Assets.xcassets"; sourceTree = "<group>"; };
		220BCBFE2A669DD8001B20DC /* MapVM.swift */ = {isa = PBXFileReference; lastKnownFileType = sourcecode.swift; path = MapVM.swift; sourceTree = "<group>"; };
		220BCC022A66A065001B20DC /* SearchForArticlesNearbyButton.swift */ = {isa = PBXFileReference; lastKnownFileType = sourcecode.swift; path = SearchForArticlesNearbyButton.swift; sourceTree = "<group>"; };
		220BCC052A66A113001B20DC /* Location.swift */ = {isa = PBXFileReference; lastKnownFileType = sourcecode.swift; path = Location.swift; sourceTree = "<group>"; };
		220BCC082A66A2CB001B20DC /* ArticleMarker.swift */ = {isa = PBXFileReference; lastKnownFileType = sourcecode.swift; path = ArticleMarker.swift; sourceTree = "<group>"; };
		220BCC0A2A66A58A001B20DC /* ArticleDetails.swift */ = {isa = PBXFileReference; lastKnownFileType = sourcecode.swift; path = ArticleDetails.swift; sourceTree = "<group>"; };
		220BCC0C2A66A894001B20DC /* ContentView.swift */ = {isa = PBXFileReference; lastKnownFileType = sourcecode.swift; path = ContentView.swift; sourceTree = "<group>"; };
		220BCC0E2A66B867001B20DC /* Result.swift */ = {isa = PBXFileReference; lastKnownFileType = sourcecode.swift; path = Result.swift; sourceTree = "<group>"; };
		220BCC102A6947EC001B20DC /* ShowListOfArticlesButton.swift */ = {isa = PBXFileReference; lastKnownFileType = sourcecode.swift; path = ShowListOfArticlesButton.swift; sourceTree = "<group>"; };
		220BCC132A6B26B3001B20DC /* WikipediaLocation.swift */ = {isa = PBXFileReference; lastKnownFileType = sourcecode.swift; path = WikipediaLocation.swift; sourceTree = "<group>"; };
		220BCC152A6BC87A001B20DC /* ListOfArticles.swift */ = {isa = PBXFileReference; lastKnownFileType = sourcecode.swift; path = ListOfArticles.swift; sourceTree = "<group>"; };
		220F6A462A896326007C1EBE /* OnboardingHowTo.swift */ = {isa = PBXFileReference; fileEncoding = 4; lastKnownFileType = sourcecode.swift; path = OnboardingHowTo.swift; sourceTree = "<group>"; };
		220F6A482A8A3895007C1EBE /* OnboardingExplanationTwo.swift */ = {isa = PBXFileReference; fileEncoding = 4; lastKnownFileType = sourcecode.swift; path = OnboardingExplanationTwo.swift; sourceTree = "<group>"; };
		220F6A4A2A8A607C007C1EBE /* OnboardingHowToTwo.swift */ = {isa = PBXFileReference; fileEncoding = 4; lastKnownFileType = sourcecode.swift; path = OnboardingHowToTwo.swift; sourceTree = "<group>"; };
		229602D32A6C33CD00905D45 /* GetCurrentLocationButton.swift */ = {isa = PBXFileReference; fileEncoding = 4; lastKnownFileType = sourcecode.swift; path = GetCurrentLocationButton.swift; sourceTree = "<group>"; };
		229602D52A6C463700905D45 /* Info.plist */ = {isa = PBXFileReference; lastKnownFileType = text.plist; path = Info.plist; sourceTree = "<group>"; };
		22A47C2F2A87C35F00CDB3FC /* OnboardingOverview.swift */ = {isa = PBXFileReference; lastKnownFileType = sourcecode.swift; path = OnboardingOverview.swift; sourceTree = "<group>"; };
		22A47C322A87C57E00CDB3FC /* OnboardingDefinition.swift */ = {isa = PBXFileReference; lastKnownFileType = sourcecode.swift; path = OnboardingDefinition.swift; sourceTree = "<group>"; };
		22A47C342A87F5C400CDB3FC /* OnboardingExplanation.swift */ = {isa = PBXFileReference; lastKnownFileType = sourcecode.swift; path = OnboardingExplanation.swift; sourceTree = "<group>"; };
/* End PBXFileReference section */

/* Begin PBXFrameworksBuildPhase section */
		220BCBEA2A669D83001B20DC /* Frameworks */ = {
			isa = PBXFrameworksBuildPhase;
			buildActionMask = 2147483647;
			files = (
			);
			runOnlyForDeploymentPostprocessing = 0;
		};
/* End PBXFrameworksBuildPhase section */

/* Begin PBXGroup section */
		220BCBE42A669D83001B20DC = {
			isa = PBXGroup;
			children = (
				220BCBEF2A669D83001B20DC /* Admirari */,
				220BCBEE2A669D83001B20DC /* Products */,
			);
			sourceTree = "<group>";
		};
		220BCBEE2A669D83001B20DC /* Products */ = {
			isa = PBXGroup;
			children = (
				220BCBED2A669D83001B20DC /* Admirari.app */,
			);
			name = Products;
			sourceTree = "<group>";
		};
		220BCBEF2A669D83001B20DC /* Admirari */ = {
			isa = PBXGroup;
			children = (
				229602D52A6C463700905D45 /* Info.plist */,
				220BCBF02A669D83001B20DC /* AdmirariApp.swift */,
				220BCC072A66A12B001B20DC /* Structs */,
				220BCC002A669DE0001B20DC /* View Managers */,
				220BCC012A669DF5001B20DC /* Views */,
				220BCBF42A669D85001B20DC /* Assets.xcassets */,
				220BCBF62A669D85001B20DC /* Preview Content */,
			);
			path = Admirari;
			sourceTree = "<group>";
		};
		220BCBF62A669D85001B20DC /* Preview Content */ = {
			isa = PBXGroup;
			children = (
				220BCBF72A669D85001B20DC /* Preview Assets.xcassets */,
			);
			path = "Preview Content";
			sourceTree = "<group>";
		};
		220BCC002A669DE0001B20DC /* View Managers */ = {
			isa = PBXGroup;
			children = (
				220BCBFE2A669DD8001B20DC /* MapVM.swift */,
			);
			path = "View Managers";
			sourceTree = "<group>";
		};
		220BCC012A669DF5001B20DC /* Views */ = {
			isa = PBXGroup;
			children = (
				220BCC0A2A66A58A001B20DC /* ArticleDetails.swift */,
				220BCC152A6BC87A001B20DC /* ListOfArticles.swift */,
				220BCC0C2A66A894001B20DC /* ContentView.swift */,
				220BCC042A66A0DB001B20DC /* Sub Views */,
			);
			path = Views;
			sourceTree = "<group>";
		};
		220BCC042A66A0DB001B20DC /* Sub Views */ = {
			isa = PBXGroup;
			children = (
				22A47C312A87C51400CDB3FC /* OnboardingViews */,
				220BCC022A66A065001B20DC /* SearchForArticlesNearbyButton.swift */,
				220BCC102A6947EC001B20DC /* ShowListOfArticlesButton.swift */,
				229602D32A6C33CD00905D45 /* GetCurrentLocationButton.swift */,
				220BCC082A66A2CB001B20DC /* ArticleMarker.swift */,
			);
			path = "Sub Views";
			sourceTree = "<group>";
		};
		220BCC072A66A12B001B20DC /* Structs */ = {
			isa = PBXGroup;
			children = (
				220BCC052A66A113001B20DC /* Location.swift */,
				220BCC132A6B26B3001B20DC /* WikipediaLocation.swift */,
				220BCC0E2A66B867001B20DC /* Result.swift */,
			);
			path = Structs;
			sourceTree = "<group>";
		};
		22A47C312A87C51400CDB3FC /* OnboardingViews */ = {
			isa = PBXGroup;
			children = (
				22A47C2F2A87C35F00CDB3FC /* OnboardingOverview.swift */,
				22A47C322A87C57E00CDB3FC /* OnboardingDefinition.swift */,
				22A47C342A87F5C400CDB3FC /* OnboardingExplanation.swift */,
				220F6A482A8A3895007C1EBE /* OnboardingExplanationTwo.swift */,
				220F6A462A896326007C1EBE /* OnboardingHowTo.swift */,
				220F6A4A2A8A607C007C1EBE /* OnboardingHowToTwo.swift */,
			);
			path = OnboardingViews;
			sourceTree = "<group>";
		};
/* End PBXGroup section */

/* Begin PBXNativeTarget section */
		220BCBEC2A669D83001B20DC /* Admirari */ = {
			isa = PBXNativeTarget;
			buildConfigurationList = 220BCBFB2A669D85001B20DC /* Build configuration list for PBXNativeTarget "Admirari" */;
			buildPhases = (
				220BCBE92A669D83001B20DC /* Sources */,
				220BCBEA2A669D83001B20DC /* Frameworks */,
				220BCBEB2A669D83001B20DC /* Resources */,
			);
			buildRules = (
			);
			dependencies = (
			);
			name = Admirari;
			productName = Admirari;
			productReference = 220BCBED2A669D83001B20DC /* Admirari.app */;
			productType = "com.apple.product-type.application";
		};
/* End PBXNativeTarget section */

/* Begin PBXProject section */
		220BCBE52A669D83001B20DC /* Project object */ = {
			isa = PBXProject;
			attributes = {
				BuildIndependentTargetsInParallel = 1;
				LastSwiftUpdateCheck = 1430;
				LastUpgradeCheck = 1500;
				TargetAttributes = {
					220BCBEC2A669D83001B20DC = {
						CreatedOnToolsVersion = 14.3;
					};
				};
			};
			buildConfigurationList = 220BCBE82A669D83001B20DC /* Build configuration list for PBXProject "Admirari" */;
			compatibilityVersion = "Xcode 14.0";
			developmentRegion = en;
			hasScannedForEncodings = 0;
			knownRegions = (
				en,
				Base,
			);
			mainGroup = 220BCBE42A669D83001B20DC;
			productRefGroup = 220BCBEE2A669D83001B20DC /* Products */;
			projectDirPath = "";
			projectRoot = "";
			targets = (
				220BCBEC2A669D83001B20DC /* Admirari */,
			);
		};
/* End PBXProject section */

/* Begin PBXResourcesBuildPhase section */
		220BCBEB2A669D83001B20DC /* Resources */ = {
			isa = PBXResourcesBuildPhase;
			buildActionMask = 2147483647;
			files = (
				220BCBF82A669D85001B20DC /* Preview Assets.xcassets in Resources */,
				220BCBF52A669D85001B20DC /* Assets.xcassets in Resources */,
			);
			runOnlyForDeploymentPostprocessing = 0;
		};
/* End PBXResourcesBuildPhase section */

/* Begin PBXSourcesBuildPhase section */
		220BCBE92A669D83001B20DC /* Sources */ = {
			isa = PBXSourcesBuildPhase;
			buildActionMask = 2147483647;
			files = (
				220BCC062A66A113001B20DC /* Location.swift in Sources */,
				220BCC092A66A2CB001B20DC /* ArticleMarker.swift in Sources */,
				220BCC162A6BC87A001B20DC /* ListOfArticles.swift in Sources */,
				220BCC0F2A66B867001B20DC /* Result.swift in Sources */,
				220F6A472A896326007C1EBE /* OnboardingHowTo.swift in Sources */,
				220BCC0D2A66A894001B20DC /* ContentView.swift in Sources */,
				220BCC112A6947EC001B20DC /* ShowListOfArticlesButton.swift in Sources */,
				220BCBFF2A669DD8001B20DC /* MapVM.swift in Sources */,
				229602D42A6C33CD00905D45 /* GetCurrentLocationButton.swift in Sources */,
				220BCC0B2A66A58A001B20DC /* ArticleDetails.swift in Sources */,
				22A47C332A87C57E00CDB3FC /* OnboardingDefinition.swift in Sources */,
				220F6A4B2A8A607C007C1EBE /* OnboardingHowToTwo.swift in Sources */,
				220F6A492A8A3895007C1EBE /* OnboardingExplanationTwo.swift in Sources */,
				220BCC032A66A065001B20DC /* SearchForArticlesNearbyButton.swift in Sources */,
				220BCC142A6B26B3001B20DC /* WikipediaLocation.swift in Sources */,
				22A47C302A87C35F00CDB3FC /* OnboardingOverview.swift in Sources */,
				22A47C352A87F5C400CDB3FC /* OnboardingExplanation.swift in Sources */,
				220BCBF12A669D83001B20DC /* AdmirariApp.swift in Sources */,
			);
			runOnlyForDeploymentPostprocessing = 0;
		};
/* End PBXSourcesBuildPhase section */

/* Begin XCBuildConfiguration section */
		220BCBF92A669D85001B20DC /* Debug */ = {
			isa = XCBuildConfiguration;
			buildSettings = {
				ALWAYS_SEARCH_USER_PATHS = NO;
				ASSETCATALOG_COMPILER_GENERATE_SWIFT_ASSET_SYMBOL_EXTENSIONS = YES;
				CLANG_ANALYZER_NONNULL = YES;
				CLANG_ANALYZER_NUMBER_OBJECT_CONVERSION = YES_AGGRESSIVE;
				CLANG_CXX_LANGUAGE_STANDARD = "gnu++20";
				CLANG_ENABLE_MODULES = YES;
				CLANG_ENABLE_OBJC_ARC = YES;
				CLANG_ENABLE_OBJC_WEAK = YES;
				CLANG_WARN_BLOCK_CAPTURE_AUTORELEASING = YES;
				CLANG_WARN_BOOL_CONVERSION = YES;
				CLANG_WARN_COMMA = YES;
				CLANG_WARN_CONSTANT_CONVERSION = YES;
				CLANG_WARN_DEPRECATED_OBJC_IMPLEMENTATIONS = YES;
				CLANG_WARN_DIRECT_OBJC_ISA_USAGE = YES_ERROR;
				CLANG_WARN_DOCUMENTATION_COMMENTS = YES;
				CLANG_WARN_EMPTY_BODY = YES;
				CLANG_WARN_ENUM_CONVERSION = YES;
				CLANG_WARN_INFINITE_RECURSION = YES;
				CLANG_WARN_INT_CONVERSION = YES;
				CLANG_WARN_NON_LITERAL_NULL_CONVERSION = YES;
				CLANG_WARN_OBJC_IMPLICIT_RETAIN_SELF = YES;
				CLANG_WARN_OBJC_LITERAL_CONVERSION = YES;
				CLANG_WARN_OBJC_ROOT_CLASS = YES_ERROR;
				CLANG_WARN_QUOTED_INCLUDE_IN_FRAMEWORK_HEADER = YES;
				CLANG_WARN_RANGE_LOOP_ANALYSIS = YES;
				CLANG_WARN_STRICT_PROTOTYPES = YES;
				CLANG_WARN_SUSPICIOUS_MOVE = YES;
				CLANG_WARN_UNGUARDED_AVAILABILITY = YES_AGGRESSIVE;
				CLANG_WARN_UNREACHABLE_CODE = YES;
				CLANG_WARN__DUPLICATE_METHOD_MATCH = YES;
				COPY_PHASE_STRIP = NO;
				DEBUG_INFORMATION_FORMAT = dwarf;
				ENABLE_STRICT_OBJC_MSGSEND = YES;
				ENABLE_TESTABILITY = YES;
				ENABLE_USER_SCRIPT_SANDBOXING = YES;
				GCC_C_LANGUAGE_STANDARD = gnu11;
				GCC_DYNAMIC_NO_PIC = NO;
				GCC_NO_COMMON_BLOCKS = YES;
				GCC_OPTIMIZATION_LEVEL = 0;
				GCC_PREPROCESSOR_DEFINITIONS = (
					"DEBUG=1",
					"$(inherited)",
				);
				GCC_WARN_64_TO_32_BIT_CONVERSION = YES;
				GCC_WARN_ABOUT_RETURN_TYPE = YES_ERROR;
				GCC_WARN_UNDECLARED_SELECTOR = YES;
				GCC_WARN_UNINITIALIZED_AUTOS = YES_AGGRESSIVE;
				GCC_WARN_UNUSED_FUNCTION = YES;
				GCC_WARN_UNUSED_VARIABLE = YES;
				IPHONEOS_DEPLOYMENT_TARGET = 16.4;
				MTL_ENABLE_DEBUG_INFO = INCLUDE_SOURCE;
				MTL_FAST_MATH = YES;
				ONLY_ACTIVE_ARCH = YES;
				SDKROOT = iphoneos;
				SWIFT_ACTIVE_COMPILATION_CONDITIONS = DEBUG;
				SWIFT_OPTIMIZATION_LEVEL = "-Onone";
			};
			name = Debug;
		};
		220BCBFA2A669D85001B20DC /* Release */ = {
			isa = XCBuildConfiguration;
			buildSettings = {
				ALWAYS_SEARCH_USER_PATHS = NO;
				ASSETCATALOG_COMPILER_GENERATE_SWIFT_ASSET_SYMBOL_EXTENSIONS = YES;
				CLANG_ANALYZER_NONNULL = YES;
				CLANG_ANALYZER_NUMBER_OBJECT_CONVERSION = YES_AGGRESSIVE;
				CLANG_CXX_LANGUAGE_STANDARD = "gnu++20";
				CLANG_ENABLE_MODULES = YES;
				CLANG_ENABLE_OBJC_ARC = YES;
				CLANG_ENABLE_OBJC_WEAK = YES;
				CLANG_WARN_BLOCK_CAPTURE_AUTORELEASING = YES;
				CLANG_WARN_BOOL_CONVERSION = YES;
				CLANG_WARN_COMMA = YES;
				CLANG_WARN_CONSTANT_CONVERSION = YES;
				CLANG_WARN_DEPRECATED_OBJC_IMPLEMENTATIONS = YES;
				CLANG_WARN_DIRECT_OBJC_ISA_USAGE = YES_ERROR;
				CLANG_WARN_DOCUMENTATION_COMMENTS = YES;
				CLANG_WARN_EMPTY_BODY = YES;
				CLANG_WARN_ENUM_CONVERSION = YES;
				CLANG_WARN_INFINITE_RECURSION = YES;
				CLANG_WARN_INT_CONVERSION = YES;
				CLANG_WARN_NON_LITERAL_NULL_CONVERSION = YES;
				CLANG_WARN_OBJC_IMPLICIT_RETAIN_SELF = YES;
				CLANG_WARN_OBJC_LITERAL_CONVERSION = YES;
				CLANG_WARN_OBJC_ROOT_CLASS = YES_ERROR;
				CLANG_WARN_QUOTED_INCLUDE_IN_FRAMEWORK_HEADER = YES;
				CLANG_WARN_RANGE_LOOP_ANALYSIS = YES;
				CLANG_WARN_STRICT_PROTOTYPES = YES;
				CLANG_WARN_SUSPICIOUS_MOVE = YES;
				CLANG_WARN_UNGUARDED_AVAILABILITY = YES_AGGRESSIVE;
				CLANG_WARN_UNREACHABLE_CODE = YES;
				CLANG_WARN__DUPLICATE_METHOD_MATCH = YES;
				COPY_PHASE_STRIP = NO;
				DEBUG_INFORMATION_FORMAT = "dwarf-with-dsym";
				ENABLE_NS_ASSERTIONS = NO;
				ENABLE_STRICT_OBJC_MSGSEND = YES;
				ENABLE_USER_SCRIPT_SANDBOXING = YES;
				GCC_C_LANGUAGE_STANDARD = gnu11;
				GCC_NO_COMMON_BLOCKS = YES;
				GCC_WARN_64_TO_32_BIT_CONVERSION = YES;
				GCC_WARN_ABOUT_RETURN_TYPE = YES_ERROR;
				GCC_WARN_UNDECLARED_SELECTOR = YES;
				GCC_WARN_UNINITIALIZED_AUTOS = YES_AGGRESSIVE;
				GCC_WARN_UNUSED_FUNCTION = YES;
				GCC_WARN_UNUSED_VARIABLE = YES;
				IPHONEOS_DEPLOYMENT_TARGET = 16.4;
				MTL_ENABLE_DEBUG_INFO = NO;
				MTL_FAST_MATH = YES;
				SDKROOT = iphoneos;
				SWIFT_COMPILATION_MODE = wholemodule;
				SWIFT_OPTIMIZATION_LEVEL = "-O";
				VALIDATE_PRODUCT = YES;
			};
			name = Release;
		};
		220BCBFC2A669D85001B20DC /* Debug */ = {
			isa = XCBuildConfiguration;
			buildSettings = {
				ASSETCATALOG_COMPILER_APPICON_NAME = AppIcon;
				ASSETCATALOG_COMPILER_GLOBAL_ACCENT_COLOR_NAME = AccentColor;
				CODE_SIGN_STYLE = Automatic;
				CURRENT_PROJECT_VERSION = 1;
				DEVELOPMENT_ASSET_PATHS = "\"Admirari/Preview Content\"";
				DEVELOPMENT_TEAM = BX9KT275WM;
				ENABLE_PREVIEWS = YES;
				GENERATE_INFOPLIST_FILE = YES;
				INFOPLIST_FILE = Admirari/Info.plist;
				INFOPLIST_KEY_LSApplicationCategoryType = "";
				INFOPLIST_KEY_NSLocationWhenInUseUsageDescription = "The app requires access to your location so that it is able to idenitfy and display Wikipedia articles which are nearby. ";
				INFOPLIST_KEY_UIApplicationSceneManifest_Generation = YES;
				INFOPLIST_KEY_UIApplicationSupportsIndirectInputEvents = YES;
				INFOPLIST_KEY_UILaunchScreen_Generation = YES;
				INFOPLIST_KEY_UISupportedInterfaceOrientations = UIInterfaceOrientationPortrait;
				INFOPLIST_KEY_UISupportedInterfaceOrientations_iPad = "UIInterfaceOrientationLandscapeLeft UIInterfaceOrientationLandscapeRight UIInterfaceOrientationPortrait UIInterfaceOrientationPortraitUpsideDown";
				IPHONEOS_DEPLOYMENT_TARGET = 17.0;
				LD_RUNPATH_SEARCH_PATHS = (
					"$(inherited)",
					"@executable_path/Frameworks",
				);
				MARKETING_VERSION = 1.2;
				PRODUCT_BUNDLE_IDENTIFIER = House.Admirari;
				PRODUCT_NAME = "$(TARGET_NAME)";
				SWIFT_EMIT_LOC_STRINGS = YES;
				SWIFT_VERSION = 5.0;
				TARGETED_DEVICE_FAMILY = "1,2";
			};
			name = Debug;
		};
		220BCBFD2A669D85001B20DC /* Release */ = {
			isa = XCBuildConfiguration;
			buildSettings = {
				ASSETCATALOG_COMPILER_APPICON_NAME = AppIcon;
				ASSETCATALOG_COMPILER_GLOBAL_ACCENT_COLOR_NAME = AccentColor;
				CODE_SIGN_STYLE = Automatic;
				CURRENT_PROJECT_VERSION = 1;
				DEVELOPMENT_ASSET_PATHS = "\"Admirari/Preview Content\"";
				DEVELOPMENT_TEAM = BX9KT275WM;
				ENABLE_PREVIEWS = YES;
				GENERATE_INFOPLIST_FILE = YES;
				INFOPLIST_FILE = Admirari/Info.plist;
				INFOPLIST_KEY_LSApplicationCategoryType = "";
				INFOPLIST_KEY_NSLocationWhenInUseUsageDescription = "The app requires access to your location so that it is able to idenitfy and display Wikipedia articles which are nearby. ";
				INFOPLIST_KEY_UIApplicationSceneManifest_Generation = YES;
				INFOPLIST_KEY_UIApplicationSupportsIndirectInputEvents = YES;
				INFOPLIST_KEY_UILaunchScreen_Generation = YES;
				INFOPLIST_KEY_UISupportedInterfaceOrientations = UIInterfaceOrientationPortrait;
				INFOPLIST_KEY_UISupportedInterfaceOrientations_iPad = "UIInterfaceOrientationLandscapeLeft UIInterfaceOrientationLandscapeRight UIInterfaceOrientationPortrait UIInterfaceOrientationPortraitUpsideDown";
				IPHONEOS_DEPLOYMENT_TARGET = 17.0;
				LD_RUNPATH_SEARCH_PATHS = (
					"$(inherited)",
					"@executable_path/Frameworks",
				);
				MARKETING_VERSION = 1.2;
				PRODUCT_BUNDLE_IDENTIFIER = House.Admirari;
				PRODUCT_NAME = "$(TARGET_NAME)";
				SWIFT_EMIT_LOC_STRINGS = YES;
				SWIFT_VERSION = 5.0;
				TARGETED_DEVICE_FAMILY = "1,2";
			};
			name = Release;
		};
/* End XCBuildConfiguration section */

/* Begin XCConfigurationList section */
		220BCBE82A669D83001B20DC /* Build configuration list for PBXProject "Admirari" */ = {
			isa = XCConfigurationList;
			buildConfigurations = (
				220BCBF92A669D85001B20DC /* Debug */,
				220BCBFA2A669D85001B20DC /* Release */,
			);
			defaultConfigurationIsVisible = 0;
			defaultConfigurationName = Release;
		};
		220BCBFB2A669D85001B20DC /* Build configuration list for PBXNativeTarget "Admirari" */ = {
			isa = XCConfigurationList;
			buildConfigurations = (
				220BCBFC2A669D85001B20DC /* Debug */,
				220BCBFD2A669D85001B20DC /* Release */,
			);
			defaultConfigurationIsVisible = 0;
			defaultConfigurationName = Release;
		};
/* End XCConfigurationList section */
	};
	rootObject = 220BCBE52A669D83001B20DC /* Project object */;
}
